
Microsoft Visual Studio Solution File, Format Version 12.00
# Visual Studio Version 16
VisualStudioVersion = 16.0.31205.134
MinimumVisualStudioVersion = 10.0.40219.1
Project("{9A19103F-16F7-4668-BE54-9A1E7A4F7556}") = "WordlePOM", "WordlePOM.csproj", "{E44E3291-7C35-4062-AC38-96FD4FAA0206}"
EndProject
Project("{9A19103F-16F7-4668-BE54-9A1E7A4F7556}") = "POMTests", "..\POMTests\POMTests.csproj", "{0D14C652-36E0-4E54-9FE6-02D93C605EAD}"
EndProject
Project("{FAE04EC0-301F-11D3-BF4B-00C04F79EFBC}") = "WordleConsoleApp", "..\WordleConsoleApp\WordleConsoleApp.csproj", "{CDD2B861-4969-4C0C-A62F-9407AF75877A}"
EndProject
Global
	GlobalSection(SolutionConfigurationPlatforms) = preSolution
		Debug|Any CPU = Debug|Any CPU
		Release|Any CPU = Release|Any CPU
	EndGlobalSection
	GlobalSection(ProjectConfigurationPlatforms) = postSolution
		{E44E3291-7C35-4062-AC38-96FD4FAA0206}.Debug|Any CPU.ActiveCfg = Debug|Any CPU
		{E44E3291-7C35-4062-AC38-96FD4FAA0206}.Debug|Any CPU.Build.0 = Debug|Any CPU
		{E44E3291-7C35-4062-AC38-96FD4FAA0206}.Release|Any CPU.ActiveCfg = Release|Any CPU
		{E44E3291-7C35-4062-AC38-96FD4FAA0206}.Release|Any CPU.Build.0 = Release|Any CPU
		{0D14C652-36E0-4E54-9FE6-02D93C605EAD}.Debug|Any CPU.ActiveCfg = Debug|Any CPU
		{0D14C652-36E0-4E54-9FE6-02D93C605EAD}.Debug|Any CPU.Build.0 = Debug|Any CPU
		{0D14C652-36E0-4E54-9FE6-02D93C605EAD}.Release|Any CPU.ActiveCfg = Release|Any CPU
		{0D14C652-36E0-4E54-9FE6-02D93C605EAD}.Release|Any CPU.Build.0 = Release|Any CPU
		{CDD2B861-4969-4C0C-A62F-9407AF75877A}.Debug|Any CPU.ActiveCfg = Debug|Any CPU
		{CDD2B861-4969-4C0C-A62F-9407AF75877A}.Debug|Any CPU.Build.0 = Debug|Any CPU
		{CDD2B861-4969-4C0C-A62F-9407AF75877A}.Release|Any CPU.ActiveCfg = Release|Any CPU
		{CDD2B861-4969-4C0C-A62F-9407AF75877A}.Release|Any CPU.Build.0 = Release|Any CPU
	EndGlobalSection
	GlobalSection(SolutionProperties) = preSolution
		HideSolutionNode = FALSE
	EndGlobalSection
	GlobalSection(ExtensibilityGlobals) = postSolution
		SolutionGuid = {3F6508E0-4FDB-42A7-B968-F75B8B1FD394}
	EndGlobalSection
EndGlobal
